
Microsoft Visual Studio Solution File, Format Version 12.00
# Visual Studio Version 17
VisualStudioVersion = 17.14.36511.14 d17.14
MinimumVisualStudioVersion = 10.0.40219.1
Project("{FAE04EC0-301F-11D3-BF4B-00C04F79EFBC}") = "SearchingShorting", "SearchingShorting.csproj", "{2CD4E9BF-6453-481D-8AB6-83BDF3F03C7C}"
EndProject
Global
	GlobalSection(SolutionConfigurationPlatforms) = preSolution
		Debug|Any CPU = Debug|Any CPU
		Release|Any CPU = Release|Any CPU
	EndGlobalSection
	GlobalSection(ProjectConfigurationPlatforms) = postSolution
		{2CD4E9BF-6453-481D-8AB6-83BDF3F03C7C}.Debug|Any CPU.ActiveCfg = Debug|Any CPU
		{2CD4E9BF-6453-481D-8AB6-83BDF3F03C7C}.Debug|Any CPU.Build.0 = Debug|Any CPU
		{2CD4E9BF-6453-481D-8AB6-83BDF3F03C7C}.Release|Any CPU.ActiveCfg = Release|Any CPU
		{2CD4E9BF-6453-481D-8AB6-83BDF3F03C7C}.Release|Any CPU.Build.0 = Release|Any CPU
	EndGlobalSection
	GlobalSection(SolutionProperties) = preSolution
		HideSolutionNode = FALSE
	EndGlobalSection
	GlobalSection(ExtensibilityGlobals) = postSolution
		SolutionGuid = {03A1977B-F587-4FE4-8160-3C861E2FCD3A}
	EndGlobalSection
EndGlobal
