
Microsoft Visual Studio Solution File, Format Version 12.00
# Visual Studio Version 17
VisualStudioVersion = 17.14.36511.14 d17.14
MinimumVisualStudioVersion = 10.0.40219.1
Project("{FAE04EC0-301F-11D3-BF4B-00C04F79EFBC}") = "GridGenerator", "GridGenerator.csproj", "{EA12C464-39A2-4E64-B72A-9856FE9D097D}"
EndProject
Global
	GlobalSection(SolutionConfigurationPlatforms) = preSolution
		Debug|Any CPU = Debug|Any CPU
		Release|Any CPU = Release|Any CPU
	EndGlobalSection
	GlobalSection(ProjectConfigurationPlatforms) = postSolution
		{EA12C464-39A2-4E64-B72A-9856FE9D097D}.Debug|Any CPU.ActiveCfg = Debug|Any CPU
		{EA12C464-39A2-4E64-B72A-9856FE9D097D}.Debug|Any CPU.Build.0 = Debug|Any CPU
		{EA12C464-39A2-4E64-B72A-9856FE9D097D}.Release|Any CPU.ActiveCfg = Release|Any CPU
		{EA12C464-39A2-4E64-B72A-9856FE9D097D}.Release|Any CPU.Build.0 = Release|Any CPU
	EndGlobalSection
	GlobalSection(SolutionProperties) = preSolution
		HideSolutionNode = FALSE
	EndGlobalSection
	GlobalSection(ExtensibilityGlobals) = postSolution
		SolutionGuid = {9472E114-9883-43AB-8676-0EFF7F999B16}
	EndGlobalSection
EndGlobal
